Microsoft Visual Studio Solution File, Format Version 8.00
Project("{8BC9CEB8-8B4A-11D0-8D11-00A0C91BC942}") = "tiki", "tiki.vcproj", "{F2816CAC-B560-4ED9-8A73-9635F832943C}"
	ProjectSection(ProjectDependencies) = postProject
	EndProjectSection
EndProject
Project("{8BC9CEB8-8B4A-11D0-8D11-00A0C91BC942}") = "TikiTest", "TikiTest\TikiTest.vcproj", "{32E9853A-32A0-4A21-8C3C-A065A360A8F4}"
	ProjectSection(ProjectDependencies) = postProject
		{F2816CAC-B560-4ED9-8A73-9635F832943C} = {F2816CAC-B560-4ED9-8A73-9635F832943C}
	EndProjectSection
EndProject
Global
	GlobalSection(SolutionConfiguration) = preSolution
		Debug = Debug
		Release = Release
	EndGlobalSection
	GlobalSection(ProjectConfiguration) = postSolution
		{F2816CAC-B560-4ED9-8A73-9635F832943C}.Debug.ActiveCfg = Debug|Win32
		{F2816CAC-B560-4ED9-8A73-9635F832943C}.Debug.Build.0 = Debug|Win32
		{F2816CAC-B560-4ED9-8A73-9635F832943C}.Release.ActiveCfg = Release|Win32
		{F2816CAC-B560-4ED9-8A73-9635F832943C}.Release.Build.0 = Release|Win32
		{32E9853A-32A0-4A21-8C3C-A065A360A8F4}.Debug.ActiveCfg = Debug|Win32
		{32E9853A-32A0-4A21-8C3C-A065A360A8F4}.Debug.Build.0 = Debug|Win32
		{32E9853A-32A0-4A21-8C3C-A065A360A8F4}.Release.ActiveCfg = Release|Win32
		{32E9853A-32A0-4A21-8C3C-A065A360A8F4}.Release.Build.0 = Release|Win32
	EndGlobalSection
	GlobalSection(ExtensibilityGlobals) = postSolution
	EndGlobalSection
	GlobalSection(ExtensibilityAddIns) = postSolution
	EndGlobalSection
EndGlobal
