// !$*UTF8*$!
{
	archiveVersion = 1;
	classes = {
	};
	objectVersion = 39;
	objects = {
		014CEA440018CDF011CA2923 = {
			buildSettings = {
				COPY_PHASE_STRIP = NO;
				GCC_DYNAMIC_NO_PIC = NO;
				GCC_ENABLE_FIX_AND_CONTINUE = YES;
				GCC_GENERATE_DEBUGGING_SYMBOLS = YES;
				GCC_OPTIMIZATION_LEVEL = 0;
				ZERO_LINK = NO;
			};
			isa = PBXBuildStyle;
			name = Development;
		};
		014CEA450018CDF011CA2923 = {
			buildSettings = {
				COPY_PHASE_STRIP = YES;
				GCC_ENABLE_FIX_AND_CONTINUE = NO;
				ZERO_LINK = NO;
			};
			isa = PBXBuildStyle;
			name = Deployment;
		};
//010
//011
//012
//013
//014
//030
//031
//032
//033
//034
		034768DFFF38A50411DB9C8B = {
			children = (
				8DC2EF5B0486A6940098B216,
			);
			isa = PBXGroup;
			name = Products;
			refType = 4;
			sourceTree = "<group>";
		};
//030
//031
//032
//033
//034
//080
//081
//082
//083
//084
		0867D690FE84028FC02AAC07 = {
			buildSettings = {
			};
			buildStyles = (
				014CEA440018CDF011CA2923,
				014CEA450018CDF011CA2923,
			);
			hasScannedForEncodings = 1;
			isa = PBXProject;
			mainGroup = 0867D691FE84028FC02AAC07;
			productRefGroup = 034768DFFF38A50411DB9C8B;
			projectDirPath = "";
			targets = (
				8DC2EF4F0486A6940098B216,
			);
		};
		0867D691FE84028FC02AAC07 = {
			children = (
				C42BD4F1078FCEA200061670,
				C42BD4AF078FCAF900061670,
				C42BD4AE078FCAE100061670,
				32C88DFF0371C24200C91783,
				089C1665FE841158C02AAC07,
				0867D69AFE84028FC02AAC07,
				034768DFFF38A50411DB9C8B,
			);
			isa = PBXGroup;
			name = Tiki;
			refType = 4;
			sourceTree = "<group>";
		};
		0867D69AFE84028FC02AAC07 = {
			children = (
				C4AD53400793D07100E1B779,
				1058C7B0FEA5585E11CA2CBB,
				1058C7B2FEA5585E11CA2CBB,
			);
			isa = PBXGroup;
			name = "External Frameworks and Libraries";
			refType = 4;
			sourceTree = "<group>";
		};
		0867D69BFE84028FC02AAC07 = {
			isa = PBXFileReference;
			lastKnownFileType = wrapper.framework;
			name = Foundation.framework;
			path = /System/Library/Frameworks/Foundation.framework;
			refType = 0;
			sourceTree = "<absolute>";
		};
		0867D6A5FE840307C02AAC07 = {
			isa = PBXFileReference;
			lastKnownFileType = wrapper.framework;
			name = AppKit.framework;
			path = /System/Library/Frameworks/AppKit.framework;
			refType = 0;
			sourceTree = "<absolute>";
		};
		089C1665FE841158C02AAC07 = {
			children = (
				8DC2EF5A0486A6940098B216,
				089C1666FE841158C02AAC07,
			);
			isa = PBXGroup;
			name = Resources;
			refType = 4;
			sourceTree = "<group>";
		};
		089C1666FE841158C02AAC07 = {
			children = (
				089C1667FE841158C02AAC07,
			);
			isa = PBXVariantGroup;
			name = InfoPlist.strings;
			refType = 4;
			sourceTree = "<group>";
		};
		089C1667FE841158C02AAC07 = {
			fileEncoding = 10;
			isa = PBXFileReference;
			lastKnownFileType = text.plist.strings;
			name = English;
			path = English.lproj/InfoPlist.strings;
			refType = 4;
			sourceTree = "<group>";
		};
//080
//081
//082
//083
//084
//100
//101
//102
//103
//104
		1058C7B0FEA5585E11CA2CBB = {
			children = (
				C4F514AC079A02AE0001D0D0,
				C4F514AD079A02AE0001D0D0,
				C4AD52730793C92F00E1B779,
				1058C7B1FEA5585E11CA2CBB,
			);
			isa = PBXGroup;
			name = "Linked Frameworks";
			refType = 4;
			sourceTree = "<group>";
		};
		1058C7B1FEA5585E11CA2CBB = {
			isa = PBXFileReference;
			lastKnownFileType = wrapper.framework;
			name = Cocoa.framework;
			path = /System/Library/Frameworks/Cocoa.framework;
			refType = 0;
			sourceTree = "<absolute>";
		};
		1058C7B2FEA5585E11CA2CBB = {
			children = (
				0867D69BFE84028FC02AAC07,
				0867D6A5FE840307C02AAC07,
			);
			isa = PBXGroup;
			name = "Other Frameworks";
			refType = 4;
			sourceTree = "<group>";
		};
//100
//101
//102
//103
//104
//320
//321
//322
//323
//324
		32C88DFF0371C24200C91783 = {
			children = (
				32DBCF5E0370ADEE00C91783,
			);
			isa = PBXGroup;
			name = "Other Sources";
			refType = 4;
			sourceTree = "<group>";
		};
		32DBCF5E0370ADEE00C91783 = {
			fileEncoding = 4;
			isa = PBXFileReference;
			lastKnownFileType = sourcecode.c.h;
			path = Tiki_Prefix.pch;
			refType = 4;
			sourceTree = "<group>";
		};
//320
//321
//322
//323
//324
//8D0
//8D1
//8D2
//8D3
//8D4
		8DC2EF4F0486A6940098B216 = {
			buildPhases = (
				8DC2EF500486A6940098B216,
				8DC2EF520486A6940098B216,
				8DC2EF540486A6940098B216,
				8DC2EF560486A6940098B216,
				C4EC17C5084441E40005E60B,
			);
			buildRules = (
			);
			buildSettings = {
				DYLIB_COMPATIBILITY_VERSION = 1;
				DYLIB_CURRENT_VERSION = 1;
				FRAMEWORK_VERSION = A;
				GCC_C_LANGUAGE_STANDARD = gnu99;
				GCC_GENERATE_DEBUGGING_SYMBOLS = NO;
				GCC_PRECOMPILE_PREFIX_HEADER = YES;
				GCC_PREFIX_HEADER = Tiki_Prefix.pch;
				HEADER_SEARCH_PATHS = "../include include /sw/include ../3rdparty/boost";
				INFOPLIST_FILE = Info.plist;
				INSTALL_PATH = "@executable_path/../Frameworks";
				LIBRARY_SEARCH_PATHS = shlibs;
				LIBRARY_STYLE = DYNAMIC;
				MACOSX_DEPLOYMENT_TARGET = 10.2;
				OTHER_CFLAGS = "-Wno-long-double";
				OTHER_LDFLAGS = "-seg1addr 0xb0000000 -lz";
				PREBINDING = NO;
				PRODUCT_NAME = Tiki;
				SKIP_INSTALL = YES;
				WRAPPER_EXTENSION = framework;
			};
			dependencies = (
			);
			isa = PBXNativeTarget;
			name = Tiki;
			productInstallPath = "$(HOME)/Library/Frameworks";
			productName = Tiki;
			productReference = 8DC2EF5B0486A6940098B216;
			productType = "com.apple.product-type.framework";
		};
		8DC2EF500486A6940098B216 = {
			buildActionMask = 2147483647;
			files = (
				C48ACAD1079B7114005DF20E,
			);
			isa = PBXHeadersBuildPhase;
			runOnlyForDeploymentPostprocessing = 0;
		};
		8DC2EF520486A6940098B216 = {
			buildActionMask = 2147483647;
			files = (
				8DC2EF530486A6940098B216,
			);
			isa = PBXResourcesBuildPhase;
			runOnlyForDeploymentPostprocessing = 0;
		};
		8DC2EF530486A6940098B216 = {
			fileRef = 089C1666FE841158C02AAC07;
			isa = PBXBuildFile;
			settings = {
			};
		};
		8DC2EF540486A6940098B216 = {
			buildActionMask = 2147483647;
			files = (
				C4AD522A0793B4CD00E1B779,
				C4AD52E50793CDCF00E1B779,
				C4AD53080793CE9F00E1B779,
				C4B5838D0794CFC7004D22F2,
				C4F514170799E9870001D0D0,
				C4F5148E0799FBA10001D0D0,
				C4F51534079A0B690001D0D0,
				C4F51536079A0B690001D0D0,
				C4F51538079A0B690001D0D0,
				C4F51539079A0B690001D0D0,
				C4F5153A079A0B690001D0D0,
				C4F5153B079A0B690001D0D0,
				C4F5154F079A0B9E0001D0D0,
				C4F51550079A0B9E0001D0D0,
				C4F51551079A0B9E0001D0D0,
				C4F51552079A0B9E0001D0D0,
				C4F51555079A0BAE0001D0D0,
				C4F51556079A0BAE0001D0D0,
				C4F51559079A0BBD0001D0D0,
				C4F5155A079A0BBD0001D0D0,
				C4F51582079A0D0B0001D0D0,
				C4F51583079A0D0B0001D0D0,
				C4F51584079A0D0B0001D0D0,
				C4F51585079A0D0B0001D0D0,
				C4F515F2079A302D0001D0D0,
				C4F51613079A34260001D0D0,
				C453992B079A477500F3A584,
				C453994B079A509100F3A584,
				C4539A1C079AF3D100F3A584,
				C472B718079AFA0200F0C00A,
				C472B72F079B0FDA00F0C00A,
				C4ED4B98079CE776006E3DF0,
				C4881505079F8A9A0038D5B0,
				C4881506079F8A9A0038D5B0,
				C488194007A2E33E0038D5B0,
				C48E6CD707A48FDE00045273,
				C4287F7C07C9491100D238E1,
				C498925807EE97E70050854A,
				C498925A07EE98040050854A,
				C480A22F0835BEA6006AEE4B,
				C45D0B92083F030200F9F467,
				C45D0B93083F030200F9F467,
			);
			isa = PBXSourcesBuildPhase;
			runOnlyForDeploymentPostprocessing = 0;
		};
		8DC2EF560486A6940098B216 = {
			buildActionMask = 2147483647;
			files = (
				8DC2EF570486A6940098B216,
				C4AD52740793C92F00E1B779,
				C4F514AE079A02AE0001D0D0,
				C4F514AF079A02AE0001D0D0,
				C49241A007F7DE7E001F7AFD,
				C49241A507F7DEA6001F7AFD,
				C49241A607F7DEA6001F7AFD,
				C49241A707F7DEA6001F7AFD,
				C49241A807F7DEA6001F7AFD,
			);
			isa = PBXFrameworksBuildPhase;
			runOnlyForDeploymentPostprocessing = 0;
		};
		8DC2EF570486A6940098B216 = {
			fileRef = 1058C7B1FEA5585E11CA2CBB;
			isa = PBXBuildFile;
			settings = {
			};
		};
		8DC2EF5A0486A6940098B216 = {
			fileEncoding = 4;
			isa = PBXFileReference;
			lastKnownFileType = text.plist;
			path = Info.plist;
			refType = 4;
			sourceTree = "<group>";
		};
		8DC2EF5B0486A6940098B216 = {
			explicitFileType = wrapper.framework;
			includeInIndex = 0;
			isa = PBXFileReference;
			path = Tiki.framework;
			refType = 3;
			sourceTree = BUILT_PRODUCTS_DIR;
		};
//8D0
//8D1
//8D2
//8D3
//8D4
//C40
//C41
//C42
//C43
//C44
		C40D72C1083723B50084B52D = {
			isa = PBXFileReference;
			lastKnownFileType = text.rtf;
			name = design_v2.rtf;
			path = ../notes/design_v2.rtf;
			refType = 2;
			sourceTree = SOURCE_ROOT;
		};
		C40D72C2083723B50084B52D = {
			fileEncoding = 30;
			isa = PBXFileReference;
			lastKnownFileType = text;
			name = drawing_model.txt;
			path = ../notes/drawing_model.txt;
			refType = 2;
			sourceTree = SOURCE_ROOT;
		};
		C40D72CE083729BD0084B52D = {
			fileEncoding = 30;
			isa = PBXFileReference;
			lastKnownFileType = sourcecode.c.h;
			name = timeline.h;
			path = ../include/Tiki/timeline.h;
			refType = 2;
			sourceTree = SOURCE_ROOT;
		};
		C40D72D108372B3A0084B52D = {
			fileEncoding = 30;
			isa = PBXFileReference;
			lastKnownFileType = sourcecode.c.h;
			name = timepoint.h;
			path = ../include/Tiki/timepoint.h;
			refType = 2;
			sourceTree = SOURCE_ROOT;
		};
		C40D72F9083730CB0084B52D = {
			fileEncoding = 30;
			isa = PBXFileReference;
			lastKnownFileType = sourcecode.c.h;
			name = tee.h;
			path = ../include/Tiki/tee.h;
			refType = 2;
			sourceTree = SOURCE_ROOT;
		};
		C4287F7B07C9491100D238E1 = {
			fileEncoding = 30;
			isa = PBXFileReference;
			lastKnownFileType = sourcecode.cpp.cpp;
			name = image.cpp;
			path = ../src/image/image.cpp;
			refType = 2;
			sourceTree = SOURCE_ROOT;
		};
		C4287F7C07C9491100D238E1 = {
			fileRef = C4287F7B07C9491100D238E1;
			isa = PBXBuildFile;
			settings = {
			};
		};
		C42BD273078FC90300061670 = {
			children = (
				C4AD531B0793CF3400E1B779,
				C48ACAD2079B7121005DF20E,
				C4AD50FD0793ABEC00E1B779,
				C4F5155B079A0BDD0001D0D0,
				C4539918079A44B300F3A584,
				C48814E4079F88460038D5B0,
				C4F51576079A0C9A0001D0D0,
			);
			isa = PBXGroup;
			name = Include;
			path = "";
			refType = 4;
			sourceTree = "<group>";
		};
		C42BD2AD078FC94800061670 = {
			children = (
				C4AD52E30793CDC100E1B779,
				C42BD2D6078FC9BF00061670,
				C4F51516079A0B1C0001D0D0,
				C4539923079A455600F3A584,
				C48814FE079F8A3B0038D5B0,
				C4F5157D079A0CFB0001D0D0,
				C472B72C079B0FBA00F0C00A,
			);
			isa = PBXGroup;
			name = Source;
			path = "";
			refType = 4;
			sourceTree = "<group>";
		};
		C42BD2D6078FC9BF00061670 = {
			children = (
				C4AD53070793CE9F00E1B779,
				C4F5148D0799FBA10001D0D0,
				C4AD52290793B4CD00E1B779,
				C480A22E0835BEA6006AEE4B,
				C45D0B90083F030200F9F467,
				C45D0B91083F030200F9F467,
			);
			isa = PBXGroup;
			name = base;
			path = /Users/bard/prj/game/tiki/src/base;
			refType = 0;
			sourceTree = "<absolute>";
		};
		C42BD4AE078FCAE100061670 = {
			children = (
				C42BD2AD078FC94800061670,
				C42BD273078FC90300061670,
			);
			isa = PBXGroup;
			name = Portable;
			refType = 4;
			sourceTree = "<group>";
		};
		C42BD4AF078FCAF900061670 = {
			children = (
				C42BD4B0078FCB0A00061670,
				C42BD4B1078FCB0E00061670,
			);
			isa = PBXGroup;
			name = Plat;
			refType = 4;
			sourceTree = "<group>";
		};
		C42BD4B0078FCB0A00061670 = {
			children = (
				C498925907EE98040050854A,
				C498925707EE97E70050854A,
				C4B5838C0794CFC7004D22F2,
				C453994A079A509100F3A584,
				C472B717079AFA0200F0C00A,
				C4AD52E40793CDCF00E1B779,
				C4F514160799E9870001D0D0,
				C4539A1B079AF3D100F3A584,
			);
			isa = PBXGroup;
			name = Source;
			refType = 4;
			sourceTree = "<group>";
		};
		C42BD4B1078FCB0E00061670 = {
			children = (
				C4AD527D0793C96A00E1B779,
				C42BD4B3078FCB5A00061670,
				C472B719079AFA1600F0C00A,
				C4F51501079A05B70001D0D0,
				C4AD510E0793AC2F00E1B779,
			);
			isa = PBXGroup;
			name = Include;
			refType = 4;
			sourceTree = "<group>";
		};
		C42BD4B3078FCB5A00061670 = {
			fileEncoding = 30;
			isa = PBXFileReference;
			lastKnownFileType = sourcecode.c.h;
			name = pch.h;
			path = include/pch.h;
			refType = 4;
			sourceTree = "<group>";
		};
		C42BD4F1078FCEA200061670 = {
			children = (
				C40D72C1083723B50084B52D,
				C40D72C2083723B50084B52D,
				C42BD4F4078FCEC300061670,
			);
			isa = PBXGroup;
			name = Notes;
			refType = 4;
			sourceTree = "<group>";
		};
		C42BD4F4078FCEC300061670 = {
			isa = PBXFileReference;
			lastKnownFileType = text.rtf;
			name = design.rtf;
			path = /Users/bard/prj/game/tiki/notes/design.rtf;
			refType = 0;
			sourceTree = "<absolute>";
		};
		C4539918079A44B300F3A584 = {
			children = (
				C48E6CD507A48FD100045273,
				C4539922079A454E00F3A584,
			);
			isa = PBXGroup;
			name = hid;
			refType = 4;
			sourceTree = "<group>";
		};
		C4539922079A454E00F3A584 = {
			fileEncoding = 30;
			isa = PBXFileReference;
			lastKnownFileType = sourcecode.c.h;
			name = hid.h;
			path = /Users/bard/prj/game/tiki/include/Tiki/hid.h;
			refType = 0;
			sourceTree = "<absolute>";
		};
		C4539923079A455600F3A584 = {
			children = (
				C48E6CD607A48FDE00045273,
				C453992A079A477500F3A584,
			);
			isa = PBXGroup;
			name = hid;
			refType = 4;
			sourceTree = "<group>";
		};
		C453992A079A477500F3A584 = {
			fileEncoding = 30;
			isa = PBXFileReference;
			lastKnownFileType = sourcecode.cpp.cpp;
			name = hid.cpp;
			path = ../src/hid/hid.cpp;
			refType = 2;
			sourceTree = SOURCE_ROOT;
		};
		C453992B079A477500F3A584 = {
			fileRef = C453992A079A477500F3A584;
			isa = PBXBuildFile;
			settings = {
			};
		};
		C453994A079A509100F3A584 = {
			fileEncoding = 30;
			isa = PBXFileReference;
			lastKnownFileType = sourcecode.cpp.objcpp;
			name = plathid.mm;
			path = src/plathid.mm;
			refType = 4;
			sourceTree = "<group>";
		};
		C453994B079A509100F3A584 = {
			fileRef = C453994A079A509100F3A584;
			isa = PBXBuildFile;
			settings = {
			};
		};
		C4539A1B079AF3D100F3A584 = {
			fileEncoding = 30;
			isa = PBXFileReference;
			lastKnownFileType = sourcecode.cpp.cpp;
			name = tikitime.cpp;
			path = src/tikitime.cpp;
			refType = 4;
			sourceTree = "<group>";
		};
		C4539A1C079AF3D100F3A584 = {
			fileRef = C4539A1B079AF3D100F3A584;
			isa = PBXBuildFile;
			settings = {
			};
		};
		C45D0B90083F030200F9F467 = {
			fileEncoding = 30;
			isa = PBXFileReference;
			lastKnownFileType = sourcecode.cpp.cpp;
			name = timeline.cpp;
			path = ../src/base/timeline.cpp;
			refType = 2;
			sourceTree = SOURCE_ROOT;
		};
		C45D0B91083F030200F9F467 = {
			fileEncoding = 30;
			isa = PBXFileReference;
			lastKnownFileType = sourcecode.cpp.cpp;
			name = timepoint.cpp;
			path = ../src/base/timepoint.cpp;
			refType = 2;
			sourceTree = SOURCE_ROOT;
		};
		C45D0B92083F030200F9F467 = {
			fileRef = C45D0B90083F030200F9F467;
			isa = PBXBuildFile;
			settings = {
			};
		};
		C45D0B93083F030200F9F467 = {
			fileRef = C45D0B91083F030200F9F467;
			isa = PBXBuildFile;
			settings = {
			};
		};
		C472B702079AF7A300F0C00A = {
			fileEncoding = 30;
			isa = PBXFileReference;
			lastKnownFileType = sourcecode.c.h;
			name = thread.h;
			path = /Users/bard/prj/game/tiki/include/Tiki/thread.h;
			refType = 0;
			sourceTree = "<absolute>";
		};
		C472B717079AFA0200F0C00A = {
			fileEncoding = 30;
			isa = PBXFileReference;
			lastKnownFileType = sourcecode.cpp.cpp;
			name = platthread.cpp;
			path = src/platthread.cpp;
			refType = 4;
			sourceTree = "<group>";
		};
		C472B718079AFA0200F0C00A = {
			fileRef = C472B717079AFA0200F0C00A;
			isa = PBXBuildFile;
			settings = {
			};
		};
		C472B719079AFA1600F0C00A = {
			fileEncoding = 30;
			isa = PBXFileReference;
			lastKnownFileType = sourcecode.c.h;
			name = platthread.h;
			path = include/Tiki/platthread.h;
			refType = 4;
			sourceTree = "<group>";
		};
		C472B72C079B0FBA00F0C00A = {
			children = (
				C472B72E079B0FDA00F0C00A,
			);
			isa = PBXGroup;
			name = thread;
			refType = 4;
			sourceTree = "<group>";
		};
		C472B72E079B0FDA00F0C00A = {
			fileEncoding = 30;
			isa = PBXFileReference;
			lastKnownFileType = sourcecode.cpp.cpp;
			name = thread.cpp;
			path = ../src/thread/thread.cpp;
			refType = 2;
			sourceTree = SOURCE_ROOT;
		};
		C472B72F079B0FDA00F0C00A = {
			fileRef = C472B72E079B0FDA00F0C00A;
			isa = PBXBuildFile;
			settings = {
			};
		};
		C480A22E0835BEA6006AEE4B = {
			fileEncoding = 30;
			isa = PBXFileReference;
			lastKnownFileType = sourcecode.cpp.cpp;
			name = object.cpp;
			path = ../src/base/object.cpp;
			refType = 2;
			sourceTree = SOURCE_ROOT;
		};
		C480A22F0835BEA6006AEE4B = {
			fileRef = C480A22E0835BEA6006AEE4B;
			isa = PBXBuildFile;
			settings = {
			};
		};
		C480A2360835BEF0006AEE4B = {
			fileEncoding = 30;
			isa = PBXFileReference;
			lastKnownFileType = sourcecode.c.h;
			name = object.h;
			path = ../include/Tiki/object.h;
			refType = 2;
			sourceTree = SOURCE_ROOT;
		};
		C48814E4079F88460038D5B0 = {
			children = (
				C48814E9079F888A0038D5B0,
				C4881524079F8DA80038D5B0,
				C4881525079F8DA80038D5B0,
			);
			isa = PBXGroup;
			name = image;
			refType = 4;
			sourceTree = "<group>";
		};
		C48814E9079F888A0038D5B0 = {
			fileEncoding = 30;
			isa = PBXFileReference;
			lastKnownFileType = sourcecode.c.h;
			name = image.h;
			path = /Users/bard/prj/game/tiki/include/Tiki/image.h;
			refType = 0;
			sourceTree = "<absolute>";
		};
		C48814FE079F8A3B0038D5B0 = {
			children = (
				C4287F7B07C9491100D238E1,
				C4881503079F8A9A0038D5B0,
				C4881504079F8A9A0038D5B0,
			);
			isa = PBXGroup;
			name = image;
			refType = 4;
			sourceTree = "<group>";
		};
		C4881503079F8A9A0038D5B0 = {
			fileEncoding = 30;
			isa = PBXFileReference;
			lastKnownFileType = sourcecode.cpp.cpp;
			name = loadjpg.cpp;
			path = ../src/image/loadjpg.cpp;
			refType = 2;
			sourceTree = SOURCE_ROOT;
		};
		C4881504079F8A9A0038D5B0 = {
			fileEncoding = 30;
			isa = PBXFileReference;
			lastKnownFileType = sourcecode.cpp.cpp;
			name = loadpng.cpp;
			path = ../src/image/loadpng.cpp;
			refType = 2;
			sourceTree = SOURCE_ROOT;
		};
		C4881505079F8A9A0038D5B0 = {
			fileRef = C4881503079F8A9A0038D5B0;
			isa = PBXBuildFile;
			settings = {
			};
		};
		C4881506079F8A9A0038D5B0 = {
			fileRef = C4881504079F8A9A0038D5B0;
			isa = PBXBuildFile;
			settings = {
			};
		};
		C4881524079F8DA80038D5B0 = {
			fileEncoding = 30;
			isa = PBXFileReference;
			lastKnownFileType = sourcecode.c.h;
			name = imgjpg.h;
			path = /Users/bard/prj/game/tiki/include/Tiki/imgjpg.h;
			refType = 0;
			sourceTree = "<absolute>";
		};
		C4881525079F8DA80038D5B0 = {
			fileEncoding = 30;
			isa = PBXFileReference;
			lastKnownFileType = sourcecode.c.h;
			name = imgpng.h;
			path = /Users/bard/prj/game/tiki/include/Tiki/imgpng.h;
			refType = 0;
			sourceTree = "<absolute>";
		};
		C488193F07A2E33E0038D5B0 = {
			fileEncoding = 30;
			isa = PBXFileReference;
			lastKnownFileType = sourcecode.cpp.cpp;
			name = bspline.cpp;
			path = ../src/math/bspline.cpp;
			refType = 2;
			sourceTree = SOURCE_ROOT;
		};
		C488194007A2E33E0038D5B0 = {
			fileRef = C488193F07A2E33E0038D5B0;
			isa = PBXBuildFile;
			settings = {
			};
		};
		C488194107A2E3530038D5B0 = {
			fileEncoding = 30;
			isa = PBXFileReference;
			lastKnownFileType = sourcecode.c.h;
			name = bspline.h;
			path = ../include/Tiki/bspline.h;
			refType = 2;
			sourceTree = SOURCE_ROOT;
		};
		C48819BA07A2F0E10038D5B0 = {
			fileEncoding = 30;
			isa = PBXFileReference;
			lastKnownFileType = sourcecode.c.h;
			name = TikiAll.h;
			path = ../include/Tiki/TikiAll.h;
			refType = 2;
			sourceTree = SOURCE_ROOT;
		};
		C48ACAD0079B7114005DF20E = {
			fileEncoding = 30;
			isa = PBXFileReference;
			lastKnownFileType = sourcecode.c.h;
			name = tiki.h;
			path = ../include/Tiki/tiki.h;
			refType = 2;
			sourceTree = SOURCE_ROOT;
		};
		C48ACAD1079B7114005DF20E = {
			fileRef = C48ACAD0079B7114005DF20E;
			isa = PBXBuildFile;
			settings = {
				ATTRIBUTES = (
					Private,
				);
			};
		};
		C48ACAD2079B7121005DF20E = {
			children = (
				C4ED4B9D079CE7B0006E3DF0,
				C48ACAD3079B7134005DF20E,
				C48ACAD4079B7134005DF20E,
			);
			isa = PBXGroup;
			name = audio;
			refType = 4;
			sourceTree = "<group>";
		};
		C48ACAD3079B7134005DF20E = {
			fileEncoding = 30;
			isa = PBXFileReference;
			lastKnownFileType = sourcecode.c.h;
			name = sound.h;
			path = /Users/bard/prj/game/tiki/include/Tiki/sound.h;
			refType = 0;
			sourceTree = "<absolute>";
		};
		C48ACAD4079B7134005DF20E = {
			fileEncoding = 30;
			isa = PBXFileReference;
			lastKnownFileType = sourcecode.c.h;
			name = stream.h;
			path = /Users/bard/prj/game/tiki/include/Tiki/stream.h;
			refType = 0;
			sourceTree = "<absolute>";
		};
		C48E6CD507A48FD100045273 = {
			fileEncoding = 30;
			isa = PBXFileReference;
			lastKnownFileType = sourcecode.c.h;
			name = eventcollector.h;
			path = ../include/Tiki/eventcollector.h;
			refType = 2;
			sourceTree = SOURCE_ROOT;
		};
		C48E6CD607A48FDE00045273 = {
			fileEncoding = 30;
			isa = PBXFileReference;
			lastKnownFileType = sourcecode.cpp.cpp;
			name = eventcollector.cpp;
			path = ../src/hid/eventcollector.cpp;
			refType = 2;
			sourceTree = SOURCE_ROOT;
		};
		C48E6CD707A48FDE00045273 = {
			fileRef = C48E6CD607A48FDE00045273;
			isa = PBXBuildFile;
			settings = {
			};
		};
		C492419F07F7DE7D001F7AFD = {
			isa = PBXFileReference;
			lastKnownFileType = archive.ar;
			name = libvorbisfile.a;
			path = /sw/lib/libvorbisfile.a;
			refType = 0;
			sourceTree = "<absolute>";
		};
		C49241A007F7DE7E001F7AFD = {
			fileRef = C492419F07F7DE7D001F7AFD;
			isa = PBXBuildFile;
			settings = {
			};
		};
		C49241A107F7DEA6001F7AFD = {
			isa = PBXFileReference;
			lastKnownFileType = archive.ar;
			name = libjpeg.a;
			path = /sw/lib/libjpeg.a;
			refType = 0;
			sourceTree = "<absolute>";
		};
		C49241A207F7DEA6001F7AFD = {
			isa = PBXFileReference;
			lastKnownFileType = archive.ar;
			name = libogg.a;
			path = /sw/lib/libogg.a;
			refType = 0;
			sourceTree = "<absolute>";
		};
		C49241A307F7DEA6001F7AFD = {
			isa = PBXFileReference;
			lastKnownFileType = archive.ar;
			name = libpng.a;
			path = /sw/lib/libpng.a;
			refType = 0;
			sourceTree = "<absolute>";
		};
		C49241A407F7DEA6001F7AFD = {
			isa = PBXFileReference;
			lastKnownFileType = archive.ar;
			name = libvorbis.a;
			path = /sw/lib/libvorbis.a;
			refType = 0;
			sourceTree = "<absolute>";
		};
		C49241A507F7DEA6001F7AFD = {
			fileRef = C49241A107F7DEA6001F7AFD;
			isa = PBXBuildFile;
			settings = {
			};
		};
		C49241A607F7DEA6001F7AFD = {
			fileRef = C49241A207F7DEA6001F7AFD;
			isa = PBXBuildFile;
			settings = {
			};
		};
		C49241A707F7DEA6001F7AFD = {
			fileRef = C49241A307F7DEA6001F7AFD;
			isa = PBXBuildFile;
			settings = {
			};
		};
		C49241A807F7DEA6001F7AFD = {
			fileRef = C49241A407F7DEA6001F7AFD;
			isa = PBXBuildFile;
			settings = {
			};
		};
		C498925707EE97E70050854A = {
			fileEncoding = 30;
			isa = PBXFileReference;
			lastKnownFileType = sourcecode.c.objc;
			name = TikiMain.m;
			path = src/TikiMain.m;
			refType = 2;
			sourceTree = SOURCE_ROOT;
		};
		C498925807EE97E70050854A = {
			fileRef = C498925707EE97E70050854A;
			isa = PBXBuildFile;
			settings = {
			};
		};
		C498925907EE98040050854A = {
			fileEncoding = 4;
			isa = PBXFileReference;
			lastKnownFileType = sourcecode.cpp.cpp;
			name = platgl.cpp;
			path = src/platgl.cpp;
			refType = 2;
			sourceTree = SOURCE_ROOT;
		};
		C498925A07EE98040050854A = {
			fileRef = C498925907EE98040050854A;
			isa = PBXBuildFile;
			settings = {
			};
		};
		C4ACBDA00837CF6400FA287E = {
			fileEncoding = 30;
			isa = PBXFileReference;
			lastKnownFileType = sourcecode.c.h;
			name = layer.h;
			path = ../include/Tiki/drawables/layer.h;
			refType = 2;
			sourceTree = SOURCE_ROOT;
		};
		C4ACBDA30837CFFD00FA287E = {
			fileEncoding = 30;
			isa = PBXFileReference;
			lastKnownFileType = sourcecode.c.h;
			name = scene.h;
			path = ../include/Tiki/scene.h;
			refType = 2;
			sourceTree = SOURCE_ROOT;
		};
		C4AD50E30793ABA000E1B779 = {
			fileEncoding = 30;
			isa = PBXFileReference;
			lastKnownFileType = sourcecode.c.h;
			name = debug.h;
			path = /Users/bard/prj/game/tiki/include/Tiki/debug.h;
			refType = 0;
			sourceTree = "<absolute>";
		};
		C4AD50EB0793ABA000E1B779 = {
			fileEncoding = 30;
			isa = PBXFileReference;
			lastKnownFileType = sourcecode.c.h;
			name = list.h;
			path = /Users/bard/prj/game/tiki/include/Tiki/list.h;
			refType = 0;
			sourceTree = "<absolute>";
		};
		C4AD50EC0793ABA000E1B779 = {
			fileEncoding = 30;
			isa = PBXFileReference;
			lastKnownFileType = sourcecode.c.h;
			name = tikimath.h;
			path = /Users/bard/prj/game/tiki/include/Tiki/tikimath.h;
			refType = 0;
			sourceTree = "<absolute>";
		};
		C4AD50EE0793ABA000E1B779 = {
			fileEncoding = 30;
			isa = PBXFileReference;
			lastKnownFileType = sourcecode.c.h;
			name = refcnt.h;
			path = /Users/bard/prj/game/tiki/include/Tiki/refcnt.h;
			refType = 0;
			sourceTree = "<absolute>";
		};
		C4AD50F10793ABA000E1B779 = {
			fileEncoding = 30;
			isa = PBXFileReference;
			lastKnownFileType = sourcecode.c.h;
			name = tikitime.h;
			path = /Users/bard/prj/game/tiki/include/Tiki/tikitime.h;
			refType = 0;
			sourceTree = "<absolute>";
		};
		C4AD50FD0793ABEC00E1B779 = {
			children = (
				C4AD50E30793ABA000E1B779,
				C4AD522B0793B4E300E1B779,
				C4AD50EB0793ABA000E1B779,
				C480A2360835BEF0006AEE4B,
				C4AD50EE0793ABA000E1B779,
				C4ACBDA30837CFFD00FA287E,
				C40D72F9083730CB0084B52D,
				C472B702079AF7A300F0C00A,
				C48819BA07A2F0E10038D5B0,
				C4AD50F10793ABA000E1B779,
				C40D72CE083729BD0084B52D,
				C40D72D108372B3A0084B52D,
			);
			isa = PBXGroup;
			name = base;
			refType = 4;
			sourceTree = "<group>";
		};
		C4AD510E0793AC2F00E1B779 = {
			fileEncoding = 30;
			isa = PBXFileReference;
			lastKnownFileType = sourcecode.c.h;
			name = tikitypes.h;
			path = include/Tiki/tikitypes.h;
			refType = 4;
			sourceTree = "<group>";
		};
		C4AD52290793B4CD00E1B779 = {
			fileEncoding = 30;
			isa = PBXFileReference;
			lastKnownFileType = sourcecode.cpp.cpp;
			name = file.cpp;
			path = ../src/base/file.cpp;
			refType = 2;
			sourceTree = SOURCE_ROOT;
		};
		C4AD522A0793B4CD00E1B779 = {
			fileRef = C4AD52290793B4CD00E1B779;
			isa = PBXBuildFile;
			settings = {
			};
		};
		C4AD522B0793B4E300E1B779 = {
			fileEncoding = 30;
			isa = PBXFileReference;
			lastKnownFileType = sourcecode.c.h;
			name = file.h;
			path = /Users/bard/prj/game/tiki/include/Tiki/file.h;
			refType = 0;
			sourceTree = "<absolute>";
		};
		C4AD52730793C92F00E1B779 = {
			isa = PBXFileReference;
			lastKnownFileType = wrapper.framework;
			name = OpenGL.framework;
			path = /System/Library/Frameworks/OpenGL.framework;
			refType = 0;
			sourceTree = "<absolute>";
		};
		C4AD52740793C92F00E1B779 = {
			fileRef = C4AD52730793C92F00E1B779;
			isa = PBXBuildFile;
			settings = {
			};
		};
		C4AD527D0793C96A00E1B779 = {
			fileEncoding = 30;
			isa = PBXFileReference;
			lastKnownFileType = sourcecode.c.h;
			name = glhdrs.h;
			path = include/Tiki/glhdrs.h;
			refType = 4;
			sourceTree = "<group>";
		};
		C4AD52E30793CDC100E1B779 = {
			children = (
				C4ED4B96079CE762006E3DF0,
			);
			isa = PBXGroup;
			name = audio;
			refType = 4;
			sourceTree = "<group>";
		};
		C4AD52E40793CDCF00E1B779 = {
			fileEncoding = 30;
			isa = PBXFileReference;
			lastKnownFileType = sourcecode.cpp.cpp;
			name = sound.cpp;
			path = src/sound.cpp;
			refType = 4;
			sourceTree = "<group>";
		};
		C4AD52E50793CDCF00E1B779 = {
			fileRef = C4AD52E40793CDCF00E1B779;
			isa = PBXBuildFile;
			settings = {
			};
		};
		C4AD53070793CE9F00E1B779 = {
			fileEncoding = 4;
			isa = PBXFileReference;
			lastKnownFileType = sourcecode.cpp.cpp;
			name = debug.cpp;
			path = ../src/base/debug.cpp;
			refType = 2;
			sourceTree = SOURCE_ROOT;
		};
		C4AD53080793CE9F00E1B779 = {
			fileRef = C4AD53070793CE9F00E1B779;
			isa = PBXBuildFile;
			settings = {
			};
		};
		C4AD531B0793CF3400E1B779 = {
			children = (
				C48ACAD0079B7114005DF20E,
			);
			isa = PBXGroup;
			name = AutoIncluded;
			refType = 4;
			sourceTree = "<group>";
		};
		C4AD53400793D07100E1B779 = {
			children = (
				C49241A107F7DEA6001F7AFD,
				C49241A207F7DEA6001F7AFD,
				C49241A307F7DEA6001F7AFD,
				C49241A407F7DEA6001F7AFD,
				C492419F07F7DE7D001F7AFD,
			);
			isa = PBXGroup;
			name = "Linked Libraries";
			refType = 4;
			sourceTree = "<group>";
		};
		C4B5838C0794CFC7004D22F2 = {
			fileEncoding = 4;
			isa = PBXFileReference;
			lastKnownFileType = sourcecode.cpp.cpp;
			name = init_shutdown.cpp;
			path = src/init_shutdown.cpp;
			refType = 4;
			sourceTree = "<group>";
		};
		C4B5838D0794CFC7004D22F2 = {
			fileRef = C4B5838C0794CFC7004D22F2;
			isa = PBXBuildFile;
			settings = {
			};
		};
		C4EC17C5084441E40005E60B = {
			buildActionMask = 2147483647;
			files = (
			);
			inputPaths = (
			);
			isa = PBXShellScriptBuildPhase;
			outputPaths = (
			);
			runOnlyForDeploymentPostprocessing = 0;
			shellPath = /bin/sh;
			shellScript = "HDRS=${BUILT_PRODUCTS_DIR}/${PRIVATE_HEADERS_FOLDER_PATH}\n\nif ! [ -e \"$HDRS\" ]; then mkdir \"$HDRS\"; fi\n\n#if [ -L \"$HDRS\"/boost ]; then rm -f \"$HDRS\"/boost; fi\n#ln -s ../../../../../../3rdparty/boost \"$HDRS\"\n\ncp -fpvR ../include/Tiki/* \"$HDRS\"\ncp -fpvR include/Tiki/* \"$HDRS\"\n";
		};
		C4ED4B96079CE762006E3DF0 = {
			children = (
				C4ED4B97079CE776006E3DF0,
			);
			isa = PBXGroup;
			name = oggvorbis;
			refType = 4;
			sourceTree = "<group>";
		};
		C4ED4B97079CE776006E3DF0 = {
			fileEncoding = 30;
			isa = PBXFileReference;
			lastKnownFileType = sourcecode.cpp.cpp;
			name = sndoggvorbis.cpp;
			path = ../src/audio/oggvorbis/sndoggvorbis.cpp;
			refType = 2;
			sourceTree = SOURCE_ROOT;
		};
		C4ED4B98079CE776006E3DF0 = {
			fileRef = C4ED4B97079CE776006E3DF0;
			isa = PBXBuildFile;
			settings = {
			};
		};
		C4ED4B9D079CE7B0006E3DF0 = {
			children = (
				C4ED4B9E079CE7C0006E3DF0,
			);
			isa = PBXGroup;
			name = oggvorbis;
			refType = 4;
			sourceTree = "<group>";
		};
		C4ED4B9E079CE7C0006E3DF0 = {
			fileEncoding = 30;
			isa = PBXFileReference;
			lastKnownFileType = sourcecode.c.h;
			name = oggvorbis.h;
			path = /Users/bard/prj/game/tiki/include/Tiki/oggvorbis.h;
			refType = 0;
			sourceTree = "<absolute>";
		};
		C4F514160799E9870001D0D0 = {
			fileEncoding = 30;
			isa = PBXFileReference;
			lastKnownFileType = sourcecode.cpp.cpp;
			name = stream.cpp;
			path = src/stream.cpp;
			refType = 2;
			sourceTree = SOURCE_ROOT;
		};
		C4F514170799E9870001D0D0 = {
			fileRef = C4F514160799E9870001D0D0;
			isa = PBXBuildFile;
			settings = {
			};
		};
		C4F5148D0799FBA10001D0D0 = {
			fileEncoding = 30;
			isa = PBXFileReference;
			lastKnownFileType = sourcecode.cpp.cpp;
			name = endian.cpp;
			path = ../src/base/endian.cpp;
			refType = 2;
			sourceTree = SOURCE_ROOT;
		};
		C4F5148E0799FBA10001D0D0 = {
			fileRef = C4F5148D0799FBA10001D0D0;
			isa = PBXBuildFile;
			settings = {
			};
		};
		C4F514AC079A02AE0001D0D0 = {
			isa = PBXFileReference;
			lastKnownFileType = wrapper.framework;
			name = AudioUnit.framework;
			path = /System/Library/Frameworks/AudioUnit.framework;
			refType = 0;
			sourceTree = "<absolute>";
		};
		C4F514AD079A02AE0001D0D0 = {
			isa = PBXFileReference;
			lastKnownFileType = wrapper.framework;
			name = Carbon.framework;
			path = /System/Library/Frameworks/Carbon.framework;
			refType = 0;
			sourceTree = "<absolute>";
		};
		C4F514AE079A02AE0001D0D0 = {
			fileRef = C4F514AC079A02AE0001D0D0;
			isa = PBXBuildFile;
			settings = {
			};
		};
		C4F514AF079A02AE0001D0D0 = {
			fileRef = C4F514AD079A02AE0001D0D0;
			isa = PBXBuildFile;
			settings = {
			};
		};
		C4F51501079A05B70001D0D0 = {
			fileEncoding = 30;
			isa = PBXFileReference;
			lastKnownFileType = sourcecode.c.h;
			name = TikiMain.h;
			path = include/Tiki/TikiMain.h;
			refType = 2;
			sourceTree = SOURCE_ROOT;
		};
		C4F51516079A0B1C0001D0D0 = {
			children = (
				C4F51548079A0B7F0001D0D0,
				C4F51549079A0B840001D0D0,
				C4F5154A079A0B890001D0D0,
				C4F51520079A0B690001D0D0,
				C4F51527079A0B690001D0D0,
				C4F5152C079A0B690001D0D0,
				C4F5152D079A0B690001D0D0,
				C4F51612079A34260001D0D0,
				C4F515F1079A302D0001D0D0,
				C4F5152E079A0B690001D0D0,
				C4F5152F079A0B690001D0D0,
			);
			isa = PBXGroup;
			name = gl;
			path = "";
			refType = 4;
			sourceTree = "<group>";
		};
		C4F51520079A0B690001D0D0 = {
			fileEncoding = 30;
			isa = PBXFileReference;
			lastKnownFileType = sourcecode.cpp.cpp;
			name = animation.cpp;
			path = ../src/gl/animation.cpp;
			refType = 2;
			sourceTree = SOURCE_ROOT;
		};
		C4F51527079A0B690001D0D0 = {
			fileEncoding = 30;
			isa = PBXFileReference;
			lastKnownFileType = sourcecode.cpp.cpp;
			name = drawable.cpp;
			path = ../src/gl/drawable.cpp;
			refType = 2;
			sourceTree = SOURCE_ROOT;
		};
		C4F5152C079A0B690001D0D0 = {
			fileEncoding = 30;
			isa = PBXFileReference;
			lastKnownFileType = sourcecode.cpp.cpp;
			name = font.cpp;
			path = ../src/gl/font.cpp;
			refType = 2;
			sourceTree = SOURCE_ROOT;
		};
		C4F5152D079A0B690001D0D0 = {
			fileEncoding = 30;
			isa = PBXFileReference;
			lastKnownFileType = sourcecode.cpp.cpp;
			name = genmenu.cpp;
			path = ../src/gl/genmenu.cpp;
			refType = 2;
			sourceTree = SOURCE_ROOT;
		};
		C4F5152E079A0B690001D0D0 = {
			fileEncoding = 30;
			isa = PBXFileReference;
			lastKnownFileType = sourcecode.cpp.cpp;
			name = texture.cpp;
			path = ../src/gl/texture.cpp;
			refType = 2;
			sourceTree = SOURCE_ROOT;
		};
		C4F5152F079A0B690001D0D0 = {
			fileEncoding = 30;
			isa = PBXFileReference;
			lastKnownFileType = sourcecode.cpp.cpp;
			name = trigger.cpp;
			path = ../src/gl/trigger.cpp;
			refType = 2;
			sourceTree = SOURCE_ROOT;
		};
		C4F51534079A0B690001D0D0 = {
			fileRef = C4F51520079A0B690001D0D0;
			isa = PBXBuildFile;
			settings = {
			};
		};
		C4F51536079A0B690001D0D0 = {
			fileRef = C4F51527079A0B690001D0D0;
			isa = PBXBuildFile;
			settings = {
			};
		};
		C4F51538079A0B690001D0D0 = {
			fileRef = C4F5152C079A0B690001D0D0;
			isa = PBXBuildFile;
			settings = {
			};
		};
		C4F51539079A0B690001D0D0 = {
			fileRef = C4F5152D079A0B690001D0D0;
			isa = PBXBuildFile;
			settings = {
			};
		};
		C4F5153A079A0B690001D0D0 = {
			fileRef = C4F5152E079A0B690001D0D0;
			isa = PBXBuildFile;
			settings = {
			};
		};
		C4F5153B079A0B690001D0D0 = {
			fileRef = C4F5152F079A0B690001D0D0;
			isa = PBXBuildFile;
			settings = {
			};
		};
		C4F51548079A0B7F0001D0D0 = {
			children = (
				C4F5154B079A0B9E0001D0D0,
				C4F5154C079A0B9E0001D0D0,
				C4F5154D079A0B9E0001D0D0,
				C4F5154E079A0B9E0001D0D0,
			);
			isa = PBXGroup;
			name = anims;
			refType = 4;
			sourceTree = "<group>";
		};
		C4F51549079A0B840001D0D0 = {
			children = (
				C4F51553079A0BAE0001D0D0,
				C4F51554079A0BAE0001D0D0,
			);
			isa = PBXGroup;
			name = drawables;
			refType = 4;
			sourceTree = "<group>";
		};
		C4F5154A079A0B890001D0D0 = {
			children = (
				C4F51557079A0BBD0001D0D0,
				C4F51558079A0BBD0001D0D0,
			);
			isa = PBXGroup;
			name = triggers;
			refType = 4;
			sourceTree = "<group>";
		};
		C4F5154B079A0B9E0001D0D0 = {
			fileEncoding = 30;
			isa = PBXFileReference;
			lastKnownFileType = sourcecode.cpp.cpp;
			name = alphafader.cpp;
			path = ../src/gl/anims/alphafader.cpp;
			refType = 2;
			sourceTree = SOURCE_ROOT;
		};
		C4F5154C079A0B9E0001D0D0 = {
			fileEncoding = 30;
			isa = PBXFileReference;
			lastKnownFileType = sourcecode.cpp.cpp;
			name = expxymover.cpp;
			path = ../src/gl/anims/expxymover.cpp;
			refType = 2;
			sourceTree = SOURCE_ROOT;
		};
		C4F5154D079A0B9E0001D0D0 = {
			fileEncoding = 30;
			isa = PBXFileReference;
			lastKnownFileType = sourcecode.cpp.cpp;
			name = logxymover.cpp;
			path = ../src/gl/anims/logxymover.cpp;
			refType = 2;
			sourceTree = SOURCE_ROOT;
		};
		C4F5154E079A0B9E0001D0D0 = {
			fileEncoding = 30;
			isa = PBXFileReference;
			lastKnownFileType = sourcecode.cpp.cpp;
			name = tintfader.cpp;
			path = ../src/gl/anims/tintfader.cpp;
			refType = 2;
			sourceTree = SOURCE_ROOT;
		};
		C4F5154F079A0B9E0001D0D0 = {
			fileRef = C4F5154B079A0B9E0001D0D0;
			isa = PBXBuildFile;
			settings = {
			};
		};
		C4F51550079A0B9E0001D0D0 = {
			fileRef = C4F5154C079A0B9E0001D0D0;
			isa = PBXBuildFile;
			settings = {
			};
		};
		C4F51551079A0B9E0001D0D0 = {
			fileRef = C4F5154D079A0B9E0001D0D0;
			isa = PBXBuildFile;
			settings = {
			};
		};
		C4F51552079A0B9E0001D0D0 = {
			fileRef = C4F5154E079A0B9E0001D0D0;
			isa = PBXBuildFile;
			settings = {
			};
		};
		C4F51553079A0BAE0001D0D0 = {
			fileEncoding = 30;
			isa = PBXFileReference;
			lastKnownFileType = sourcecode.cpp.cpp;
			name = banner.cpp;
			path = ../src/gl/drawables/banner.cpp;
			refType = 2;
			sourceTree = SOURCE_ROOT;
		};
		C4F51554079A0BAE0001D0D0 = {
			fileEncoding = 30;
			isa = PBXFileReference;
			lastKnownFileType = sourcecode.cpp.cpp;
			name = label.cpp;
			path = ../src/gl/drawables/label.cpp;
			refType = 2;
			sourceTree = SOURCE_ROOT;
		};
		C4F51555079A0BAE0001D0D0 = {
			fileRef = C4F51553079A0BAE0001D0D0;
			isa = PBXBuildFile;
			settings = {
			};
		};
		C4F51556079A0BAE0001D0D0 = {
			fileRef = C4F51554079A0BAE0001D0D0;
			isa = PBXBuildFile;
			settings = {
			};
		};
		C4F51557079A0BBD0001D0D0 = {
			fileEncoding = 30;
			isa = PBXFileReference;
			lastKnownFileType = sourcecode.cpp.cpp;
			name = birth.cpp;
			path = ../src/gl/triggers/birth.cpp;
			refType = 2;
			sourceTree = SOURCE_ROOT;
		};
		C4F51558079A0BBD0001D0D0 = {
			fileEncoding = 30;
			isa = PBXFileReference;
			lastKnownFileType = sourcecode.cpp.cpp;
			name = death.cpp;
			path = ../src/gl/triggers/death.cpp;
			refType = 2;
			sourceTree = SOURCE_ROOT;
		};
		C4F51559079A0BBD0001D0D0 = {
			fileRef = C4F51557079A0BBD0001D0D0;
			isa = PBXBuildFile;
			settings = {
			};
		};
		C4F5155A079A0BBD0001D0D0 = {
			fileRef = C4F51558079A0BBD0001D0D0;
			isa = PBXBuildFile;
			settings = {
			};
		};
		C4F5155B079A0BDD0001D0D0 = {
			children = (
				C4F51568079A0C480001D0D0,
				C4F51569079A0C4E0001D0D0,
				C4F5156A079A0C560001D0D0,
				C4F51560079A0C430001D0D0,
				C4F51561079A0C430001D0D0,
				C4F51562079A0C430001D0D0,
				C4F51563079A0C430001D0D0,
				C4F51564079A0C430001D0D0,
				C4F51565079A0C430001D0D0,
				C4F5160B079A33AA0001D0D0,
				C4F515AA079A27E10001D0D0,
				C4F51566079A0C430001D0D0,
				C4F51567079A0C430001D0D0,
			);
			isa = PBXGroup;
			name = gl;
			refType = 4;
			sourceTree = "<group>";
		};
		C4F51560079A0C430001D0D0 = {
			fileEncoding = 30;
			isa = PBXFileReference;
			lastKnownFileType = sourcecode.c.h;
			name = animation.h;
			path = ../include/Tiki/animation.h;
			refType = 2;
			sourceTree = SOURCE_ROOT;
		};
		C4F51561079A0C430001D0D0 = {
			fileEncoding = 30;
			isa = PBXFileReference;
			lastKnownFileType = sourcecode.c.h;
			name = color.h;
			path = ../include/Tiki/color.h;
			refType = 2;
			sourceTree = SOURCE_ROOT;
		};
		C4F51562079A0C430001D0D0 = {
			fileEncoding = 30;
			isa = PBXFileReference;
			lastKnownFileType = sourcecode.c.h;
			name = color3.h;
			path = ../include/Tiki/color3.h;
			refType = 2;
			sourceTree = SOURCE_ROOT;
		};
		C4F51563079A0C430001D0D0 = {
			fileEncoding = 30;
			isa = PBXFileReference;
			lastKnownFileType = sourcecode.c.h;
			name = drawable.h;
			path = ../include/Tiki/drawable.h;
			refType = 2;
			sourceTree = SOURCE_ROOT;
		};
		C4F51564079A0C430001D0D0 = {
			fileEncoding = 30;
			isa = PBXFileReference;
			lastKnownFileType = sourcecode.c.h;
			name = font.h;
			path = ../include/Tiki/font.h;
			refType = 2;
			sourceTree = SOURCE_ROOT;
		};
		C4F51565079A0C430001D0D0 = {
			fileEncoding = 30;
			isa = PBXFileReference;
			lastKnownFileType = sourcecode.c.h;
			name = genmenu.h;
			path = ../include/Tiki/genmenu.h;
			refType = 2;
			sourceTree = SOURCE_ROOT;
		};
		C4F51566079A0C430001D0D0 = {
			fileEncoding = 30;
			isa = PBXFileReference;
			lastKnownFileType = sourcecode.c.h;
			name = texture.h;
			path = ../include/Tiki/texture.h;
			refType = 2;
			sourceTree = SOURCE_ROOT;
		};
		C4F51567079A0C430001D0D0 = {
			fileEncoding = 30;
			isa = PBXFileReference;
			lastKnownFileType = sourcecode.c.h;
			name = trigger.h;
			path = ../include/Tiki/trigger.h;
			refType = 2;
			sourceTree = SOURCE_ROOT;
		};
		C4F51568079A0C480001D0D0 = {
			children = (
				C4F5156B079A0C6C0001D0D0,
				C4F5156C079A0C6C0001D0D0,
				C4F5156D079A0C6C0001D0D0,
				C4F5156E079A0C6C0001D0D0,
			);
			isa = PBXGroup;
			name = anims;
			refType = 4;
			sourceTree = "<group>";
		};
		C4F51569079A0C4E0001D0D0 = {
			children = (
				C4F5156F079A0C7D0001D0D0,
				C4F51570079A0C7D0001D0D0,
				C4ACBDA00837CF6400FA287E,
			);
			isa = PBXGroup;
			name = drawables;
			refType = 4;
			sourceTree = "<group>";
		};
		C4F5156A079A0C560001D0D0 = {
			children = (
				C4F51572079A0C8D0001D0D0,
				C4F51573079A0C8D0001D0D0,
				C4F51574079A0C8D0001D0D0,
				C4F51575079A0C8D0001D0D0,
			);
			isa = PBXGroup;
			name = triggers;
			refType = 4;
			sourceTree = "<group>";
		};
		C4F5156B079A0C6C0001D0D0 = {
			fileEncoding = 30;
			isa = PBXFileReference;
			lastKnownFileType = sourcecode.c.h;
			name = alphafader.h;
			path = ../include/Tiki/anims/alphafader.h;
			refType = 2;
			sourceTree = SOURCE_ROOT;
		};
		C4F5156C079A0C6C0001D0D0 = {
			fileEncoding = 30;
			isa = PBXFileReference;
			lastKnownFileType = sourcecode.c.h;
			name = expxymover.h;
			path = ../include/Tiki/anims/expxymover.h;
			refType = 2;
			sourceTree = SOURCE_ROOT;
		};
		C4F5156D079A0C6C0001D0D0 = {
			fileEncoding = 30;
			isa = PBXFileReference;
			lastKnownFileType = sourcecode.c.h;
			name = logxymover.h;
			path = ../include/Tiki/anims/logxymover.h;
			refType = 2;
			sourceTree = SOURCE_ROOT;
		};
		C4F5156E079A0C6C0001D0D0 = {
			fileEncoding = 30;
			isa = PBXFileReference;
			lastKnownFileType = sourcecode.c.h;
			name = tintfader.h;
			path = ../include/Tiki/anims/tintfader.h;
			refType = 2;
			sourceTree = SOURCE_ROOT;
		};
		C4F5156F079A0C7D0001D0D0 = {
			fileEncoding = 30;
			isa = PBXFileReference;
			lastKnownFileType = sourcecode.c.h;
			name = banner.h;
			path = ../include/Tiki/drawables/banner.h;
			refType = 2;
			sourceTree = SOURCE_ROOT;
		};
		C4F51570079A0C7D0001D0D0 = {
			fileEncoding = 30;
			isa = PBXFileReference;
			lastKnownFileType = sourcecode.c.h;
			name = label.h;
			path = ../include/Tiki/drawables/label.h;
			refType = 2;
			sourceTree = SOURCE_ROOT;
		};
		C4F51572079A0C8D0001D0D0 = {
			fileEncoding = 30;
			isa = PBXFileReference;
			lastKnownFileType = sourcecode.c.h;
			name = birth.h;
			path = ../include/Tiki/triggers/birth.h;
			refType = 2;
			sourceTree = SOURCE_ROOT;
		};
		C4F51573079A0C8D0001D0D0 = {
			fileEncoding = 30;
			isa = PBXFileReference;
			lastKnownFileType = sourcecode.c.h;
			name = chainanim.h;
			path = ../include/Tiki/triggers/chainanim.h;
			refType = 2;
			sourceTree = SOURCE_ROOT;
		};
		C4F51574079A0C8D0001D0D0 = {
			fileEncoding = 30;
			isa = PBXFileReference;
			lastKnownFileType = sourcecode.c.h;
			name = death.h;
			path = ../include/Tiki/triggers/death.h;
			refType = 2;
			sourceTree = SOURCE_ROOT;
		};
		C4F51575079A0C8D0001D0D0 = {
			fileEncoding = 30;
			isa = PBXFileReference;
			lastKnownFileType = sourcecode.c.h;
			name = oneshot.h;
			path = ../include/Tiki/triggers/oneshot.h;
			refType = 2;
			sourceTree = SOURCE_ROOT;
		};
		C4F51576079A0C9A0001D0D0 = {
			children = (
				C488194107A2E3530038D5B0,
				C4F51577079A0CB50001D0D0,
				C4AD50EC0793ABA000E1B779,
				C4F51578079A0CB50001D0D0,
				C4F51579079A0CB50001D0D0,
			);
			isa = PBXGroup;
			name = math;
			refType = 4;
			sourceTree = "<group>";
		};
		C4F51577079A0CB50001D0D0 = {
			fileEncoding = 30;
			isa = PBXFileReference;
			lastKnownFileType = sourcecode.c.h;
			name = matrix.h;
			path = ../include/Tiki/matrix.h;
			refType = 2;
			sourceTree = SOURCE_ROOT;
		};
		C4F51578079A0CB50001D0D0 = {
			fileEncoding = 30;
			isa = PBXFileReference;
			lastKnownFileType = sourcecode.c.h;
			name = vector.h;
			path = ../include/Tiki/vector.h;
			refType = 2;
			sourceTree = SOURCE_ROOT;
		};
		C4F51579079A0CB50001D0D0 = {
			fileEncoding = 30;
			isa = PBXFileReference;
			lastKnownFileType = sourcecode.c.h;
			name = vector3.h;
			path = ../include/Tiki/vector3.h;
			refType = 2;
			sourceTree = SOURCE_ROOT;
		};
		C4F5157D079A0CFB0001D0D0 = {
			children = (
				C488193F07A2E33E0038D5B0,
				C4F5157E079A0D0B0001D0D0,
				C4F5157F079A0D0B0001D0D0,
				C4F51580079A0D0B0001D0D0,
				C4F51581079A0D0B0001D0D0,
			);
			isa = PBXGroup;
			name = math;
			refType = 4;
			sourceTree = "<group>";
		};
		C4F5157E079A0D0B0001D0D0 = {
			fileEncoding = 30;
			isa = PBXFileReference;
			lastKnownFileType = sourcecode.cpp.cpp;
			name = math.cpp;
			path = ../src/math/math.cpp;
			refType = 2;
			sourceTree = SOURCE_ROOT;
		};
		C4F5157F079A0D0B0001D0D0 = {
			fileEncoding = 30;
			isa = PBXFileReference;
			lastKnownFileType = sourcecode.cpp.cpp;
			name = matrix.cpp;
			path = ../src/math/matrix.cpp;
			refType = 2;
			sourceTree = SOURCE_ROOT;
		};
		C4F51580079A0D0B0001D0D0 = {
			fileEncoding = 30;
			isa = PBXFileReference;
			lastKnownFileType = sourcecode.cpp.cpp;
			name = vector.cpp;
			path = ../src/math/vector.cpp;
			refType = 2;
			sourceTree = SOURCE_ROOT;
		};
		C4F51581079A0D0B0001D0D0 = {
			fileEncoding = 30;
			isa = PBXFileReference;
			lastKnownFileType = sourcecode.cpp.cpp;
			name = vector3.cpp;
			path = ../src/math/vector3.cpp;
			refType = 2;
			sourceTree = SOURCE_ROOT;
		};
		C4F51582079A0D0B0001D0D0 = {
			fileRef = C4F5157E079A0D0B0001D0D0;
			isa = PBXBuildFile;
			settings = {
			};
		};
		C4F51583079A0D0B0001D0D0 = {
			fileRef = C4F5157F079A0D0B0001D0D0;
			isa = PBXBuildFile;
			settings = {
			};
		};
		C4F51584079A0D0B0001D0D0 = {
			fileRef = C4F51580079A0D0B0001D0D0;
			isa = PBXBuildFile;
			settings = {
			};
		};
		C4F51585079A0D0B0001D0D0 = {
			fileRef = C4F51581079A0D0B0001D0D0;
			isa = PBXBuildFile;
			settings = {
			};
		};
		C4F515AA079A27E10001D0D0 = {
			fileEncoding = 30;
			isa = PBXFileReference;
			lastKnownFileType = sourcecode.c.h;
			name = plxcompat.h;
			path = /Users/bard/prj/game/tiki/include/Tiki/plxcompat.h;
			refType = 0;
			sourceTree = "<absolute>";
		};
		C4F515F1079A302D0001D0D0 = {
			fileEncoding = 30;
			isa = PBXFileReference;
			lastKnownFileType = sourcecode.cpp.cpp;
			name = plxcompat.cpp;
			path = ../src/gl/plxcompat.cpp;
			refType = 2;
			sourceTree = SOURCE_ROOT;
		};
		C4F515F2079A302D0001D0D0 = {
			fileRef = C4F515F1079A302D0001D0D0;
			isa = PBXBuildFile;
			settings = {
			};
		};
		C4F5160B079A33AA0001D0D0 = {
			fileEncoding = 30;
			isa = PBXFileReference;
			lastKnownFileType = sourcecode.c.h;
			name = gl.h;
			path = ../include/Tiki/gl.h;
			refType = 2;
			sourceTree = SOURCE_ROOT;
		};
		C4F51612079A34260001D0D0 = {
			fileEncoding = 30;
			isa = PBXFileReference;
			lastKnownFileType = sourcecode.cpp.cpp;
			name = gl.cpp;
			path = ../src/gl/gl.cpp;
			refType = 2;
			sourceTree = SOURCE_ROOT;
		};
		C4F51613079A34260001D0D0 = {
			fileRef = C4F51612079A34260001D0D0;
			isa = PBXBuildFile;
			settings = {
			};
		};
	};
	rootObject = 0867D690FE84028FC02AAC07;
}
