
Microsoft Visual Studio Solution File, Format Version 9.00
# Visual C++ Express 2005
Project("{8BC9CEB8-8B4A-11D0-8D11-00A0C91BC942}") = "TikiSnake", "TikiSnake.vcproj", "{FCAE4EF3-7B5D-4C0D-8793-4157F7D8709F}"
EndProject
Global
	GlobalSection(SolutionConfigurationPlatforms) = preSolution
		Debug|Win32 = Debug|Win32
		Release|Win32 = Release|Win32
	EndGlobalSection
	GlobalSection(ProjectConfigurationPlatforms) = postSolution
		{FCAE4EF3-7B5D-4C0D-8793-4157F7D8709F}.Debug|Win32.ActiveCfg = Debug|Win32
		{FCAE4EF3-7B5D-4C0D-8793-4157F7D8709F}.Debug|Win32.Build.0 = Debug|Win32
		{FCAE4EF3-7B5D-4C0D-8793-4157F7D8709F}.Release|Win32.ActiveCfg = Release|Win32
		{FCAE4EF3-7B5D-4C0D-8793-4157F7D8709F}.Release|Win32.Build.0 = Release|Win32
	EndGlobalSection
	GlobalSection(SolutionProperties) = preSolution
		HideSolutionNode = FALSE
	EndGlobalSection
EndGlobal
