<?xml version="1.0"?>
<!DOCTYPE CodeBlocks_project_file>
<CodeBlocks_project_file>
	<FileVersion major="1" minor="1"/>
	<Project>
		<Option title="TikiTest"/>
		<Option makefile="Makefile"/>
		<Option makefile_is_custom="0"/>
		<Option compiler="0"/>
		<Build>
			<Target title="default">
				<Option output="C:\projects\tiki\examples\TikiTest\tikitest.exe"/>
				<Option working_dir="."/>
				<Option object_output=".objs"/>
				<Option deps_output=".deps"/>
				<Option type="0"/>
				<Option compiler="0"/>
				<Option projectResourceIncludeDirsRelation="0"/>
			</Target>
		</Build>
		<Compiler>
			<Add directory="..\..\include"/>
			<Add directory="..\..\win32\include"/>
		</Compiler>
		<Linker>
			<Add library="gdi32"/>
			<Add library="user32"/>
			<Add library="kernel32"/>
			<Add library="tiki"/>
			<Add library="opengl32"/>
			<Add library="alut"/>
			<Add directory="..\..\win32"/>
			<Add directory="C:\Program Files\OpenAL 1.1 SDK\libs\Win32"/>
		</Linker>
		<Unit filename="src\TikiTest.cpp">
			<Option compilerVar="CPP"/>
			<Option objectName="TikiTest.obj"/>
			<Option target="default"/>
		</Unit>
		<Unit filename="src\test.cpp">
			<Option compilerVar="CPP"/>
			<Option objectName="test.obj"/>
			<Option target="default"/>
		</Unit>
		<Unit filename="src\testobj.cpp">
			<Option compilerVar="CPP"/>
			<Option objectName="testobj.obj"/>
			<Option target="default"/>
		</Unit>
		<Unit filename="src\testobj.h">
			<Option compilerVar=""/>
			<Option compile="0"/>
			<Option link="0"/>
			<Option target="default"/>
		</Unit>
	</Project>
</CodeBlocks_project_file>
